
Microsoft Visual Studio Solution File, Format Version 12.00
# Visual Studio 15
VisualStudioVersion = 15.0.28307.902
MinimumVisualStudioVersion = 10.0.40219.1
Project("{FAE04EC0-301F-11D3-BF4B-00C04F79EFBC}") = "ArteEmpresarialPROY", "ArteEmpresarialPROY\ArteEmpresarialPROY.csproj", "{3B54415C-F878-407C-965E-C831F0380257}"
EndProject
Global
	GlobalSection(SolutionConfigurationPlatforms) = preSolution
		Debug|Any CPU = Debug|Any CPU
		Release|Any CPU = Release|Any CPU
	EndGlobalSection
	GlobalSection(ProjectConfigurationPlatforms) = postSolution
		{3B54415C-F878-407C-965E-C831F0380257}.Debug|Any CPU.ActiveCfg = Debug|Any CPU
		{3B54415C-F878-407C-965E-C831F0380257}.Debug|Any CPU.Build.0 = Debug|Any CPU
		{3B54415C-F878-407C-965E-C831F0380257}.Release|Any CPU.ActiveCfg = Release|Any CPU
		{3B54415C-F878-407C-965E-C831F0380257}.Release|Any CPU.Build.0 = Release|Any CPU
	EndGlobalSection
	GlobalSection(SolutionProperties) = preSolution
		HideSolutionNode = FALSE
	EndGlobalSection
	GlobalSection(ExtensibilityGlobals) = postSolution
		SolutionGuid = {B47DDD78-F0BB-49C0-AF9B-ABE8C259B831}
	EndGlobalSection
EndGlobal
